// !$*UTF8*$!
{
	archiveVersion = 1;
	classes = {
	};
	objectVersion = 56;
	objects = {

/* Begin PBXBuildFile section */
		503699D129D93FC900CCAA2B /* UserDefaultHelper.swift in Sources */ = {isa = PBXBuildFile; fileRef = 503699D029D93FC900CCAA2B /* UserDefaultHelper.swift */; };
		503699D329D94C4600CCAA2B /* PassView.swift in Sources */ = {isa = PBXBuildFile; fileRef = 503699D229D94C4600CCAA2B /* PassView.swift */; };
		50FE020029D7D21400FB75A2 /* ExpenseAppApp.swift in Sources */ = {isa = PBXBuildFile; fileRef = 50FE01FF29D7D21400FB75A2 /* ExpenseAppApp.swift */; };
		50FE020229D7D21400FB75A2 /* ContentView.swift in Sources */ = {isa = PBXBuildFile; fileRef = 50FE020129D7D21400FB75A2 /* ContentView.swift */; };
		50FE020429D7D21700FB75A2 /* Assets.xcassets in Resources */ = {isa = PBXBuildFile; fileRef = 50FE020329D7D21700FB75A2 /* Assets.xcassets */; };
		50FE020729D7D21700FB75A2 /* Preview Assets.xcassets in Resources */ = {isa = PBXBuildFile; fileRef = 50FE020629D7D21700FB75A2 /* Preview Assets.xcassets */; };
		50FE021029D7D27800FB75A2 /* TransactionView.swift in Sources */ = {isa = PBXBuildFile; fileRef = 50FE020F29D7D27800FB75A2 /* TransactionView.swift */; };
		50FE021429D7D2AF00FB75A2 /* SavingView.swift in Sources */ = {isa = PBXBuildFile; fileRef = 50FE021329D7D2AF00FB75A2 /* SavingView.swift */; };
		50FE021629D7D2BE00FB75A2 /* HistoryView.swift in Sources */ = {isa = PBXBuildFile; fileRef = 50FE021529D7D2BE00FB75A2 /* HistoryView.swift */; };
		50FE021829D890B600FB75A2 /* TemplateView.swift in Sources */ = {isa = PBXBuildFile; fileRef = 50FE021729D890B600FB75A2 /* TemplateView.swift */; };
		50FE021A29D8916E00FB75A2 /* Singleton.swift in Sources */ = {isa = PBXBuildFile; fileRef = 50FE021929D8916E00FB75A2 /* Singleton.swift */; };
		50FE021C29D89A5C00FB75A2 /* CustomNavigationView.swift in Sources */ = {isa = PBXBuildFile; fileRef = 50FE021B29D89A5C00FB75A2 /* CustomNavigationView.swift */; };
		50FE021E29D8BAFB00FB75A2 /* CardView.swift in Sources */ = {isa = PBXBuildFile; fileRef = 50FE021D29D8BAFB00FB75A2 /* CardView.swift */; };
/* End PBXBuildFile section */

/* Begin PBXFileReference section */
		503699D029D93FC900CCAA2B /* UserDefaultHelper.swift */ = {isa = PBXFileReference; lastKnownFileType = sourcecode.swift; path = UserDefaultHelper.swift; sourceTree = "<group>"; };
		503699D229D94C4600CCAA2B /* PassView.swift */ = {isa = PBXFileReference; lastKnownFileType = sourcecode.swift; path = PassView.swift; sourceTree = "<group>"; };
		50FE01FC29D7D21400FB75A2 /* ExpenseApp.app */ = {isa = PBXFileReference; explicitFileType = wrapper.application; includeInIndex = 0; path = ExpenseApp.app; sourceTree = BUILT_PRODUCTS_DIR; };
		50FE01FF29D7D21400FB75A2 /* ExpenseAppApp.swift */ = {isa = PBXFileReference; lastKnownFileType = sourcecode.swift; path = ExpenseAppApp.swift; sourceTree = "<group>"; };
		50FE020129D7D21400FB75A2 /* ContentView.swift */ = {isa = PBXFileReference; lastKnownFileType = sourcecode.swift; path = ContentView.swift; sourceTree = "<group>"; };
		50FE020329D7D21700FB75A2 /* Assets.xcassets */ = {isa = PBXFileReference; lastKnownFileType = folder.assetcatalog; path = Assets.xcassets; sourceTree = "<group>"; };
		50FE020629D7D21700FB75A2 /* Preview Assets.xcassets */ = {isa = PBXFileReference; lastKnownFileType = folder.assetcatalog; path = "Preview Assets.xcassets"; sourceTree = "<group>"; };
		50FE020F29D7D27800FB75A2 /* TransactionView.swift */ = {isa = PBXFileReference; lastKnownFileType = sourcecode.swift; path = TransactionView.swift; sourceTree = "<group>"; };
		50FE021329D7D2AF00FB75A2 /* SavingView.swift */ = {isa = PBXFileReference; lastKnownFileType = sourcecode.swift; path = SavingView.swift; sourceTree = "<group>"; };
		50FE021529D7D2BE00FB75A2 /* HistoryView.swift */ = {isa = PBXFileReference; lastKnownFileType = sourcecode.swift; path = HistoryView.swift; sourceTree = "<group>"; };
		50FE021729D890B600FB75A2 /* TemplateView.swift */ = {isa = PBXFileReference; lastKnownFileType = sourcecode.swift; path = TemplateView.swift; sourceTree = "<group>"; };
		50FE021929D8916E00FB75A2 /* Singleton.swift */ = {isa = PBXFileReference; lastKnownFileType = sourcecode.swift; path = Singleton.swift; sourceTree = "<group>"; };
		50FE021B29D89A5C00FB75A2 /* CustomNavigationView.swift */ = {isa = PBXFileReference; lastKnownFileType = sourcecode.swift; path = CustomNavigationView.swift; sourceTree = "<group>"; };
		50FE021D29D8BAFB00FB75A2 /* CardView.swift */ = {isa = PBXFileReference; lastKnownFileType = sourcecode.swift; path = CardView.swift; sourceTree = "<group>"; };
/* End PBXFileReference section */

/* Begin PBXFrameworksBuildPhase section */
		50FE01F929D7D21400FB75A2 /* Frameworks */ = {
			isa = PBXFrameworksBuildPhase;
			buildActionMask = 2147483647;
			files = (
			);
			runOnlyForDeploymentPostprocessing = 0;
		};
/* End PBXFrameworksBuildPhase section */

/* Begin PBXGroup section */
		50FE01F329D7D21400FB75A2 = {
			isa = PBXGroup;
			children = (
				50FE01FE29D7D21400FB75A2 /* ExpenseApp */,
				50FE01FD29D7D21400FB75A2 /* Products */,
			);
			sourceTree = "<group>";
		};
		50FE01FD29D7D21400FB75A2 /* Products */ = {
			isa = PBXGroup;
			children = (
				50FE01FC29D7D21400FB75A2 /* ExpenseApp.app */,
			);
			name = Products;
			sourceTree = "<group>";
		};
		50FE01FE29D7D21400FB75A2 /* ExpenseApp */ = {
			isa = PBXGroup;
			children = (
				50FE01FF29D7D21400FB75A2 /* ExpenseAppApp.swift */,
				50FE021929D8916E00FB75A2 /* Singleton.swift */,
				50FE020129D7D21400FB75A2 /* ContentView.swift */,
				50FE021729D890B600FB75A2 /* TemplateView.swift */,
				50FE021D29D8BAFB00FB75A2 /* CardView.swift */,
				503699D229D94C4600CCAA2B /* PassView.swift */,
				50FE020F29D7D27800FB75A2 /* TransactionView.swift */,
				503699D029D93FC900CCAA2B /* UserDefaultHelper.swift */,
				50FE021B29D89A5C00FB75A2 /* CustomNavigationView.swift */,
				50FE021329D7D2AF00FB75A2 /* SavingView.swift */,
				50FE021529D7D2BE00FB75A2 /* HistoryView.swift */,
				50FE020329D7D21700FB75A2 /* Assets.xcassets */,
				50FE020529D7D21700FB75A2 /* Preview Content */,
			);
			path = ExpenseApp;
			sourceTree = "<group>";
		};
		50FE020529D7D21700FB75A2 /* Preview Content */ = {
			isa = PBXGroup;
			children = (
				50FE020629D7D21700FB75A2 /* Preview Assets.xcassets */,
			);
			path = "Preview Content";
			sourceTree = "<group>";
		};
/* End PBXGroup section */

/* Begin PBXNativeTarget section */
		50FE01FB29D7D21400FB75A2 /* ExpenseApp */ = {
			isa = PBXNativeTarget;
			buildConfigurationList = 50FE020A29D7D21700FB75A2 /* Build configuration list for PBXNativeTarget "ExpenseApp" */;
			buildPhases = (
				50FE01F829D7D21400FB75A2 /* Sources */,
				50FE01F929D7D21400FB75A2 /* Frameworks */,
				50FE01FA29D7D21400FB75A2 /* Resources */,
			);
			buildRules = (
			);
			dependencies = (
			);
			name = ExpenseApp;
			productName = ExpenseApp;
			productReference = 50FE01FC29D7D21400FB75A2 /* ExpenseApp.app */;
			productType = "com.apple.product-type.application";
		};
/* End PBXNativeTarget section */

/* Begin PBXProject section */
		50FE01F429D7D21400FB75A2 /* Project object */ = {
			isa = PBXProject;
			attributes = {
				BuildIndependentTargetsInParallel = 1;
				LastSwiftUpdateCheck = 1420;
				LastUpgradeCheck = 1420;
				TargetAttributes = {
					50FE01FB29D7D21400FB75A2 = {
						CreatedOnToolsVersion = 14.2;
					};
				};
			};
			buildConfigurationList = 50FE01F729D7D21400FB75A2 /* Build configuration list for PBXProject "ExpenseApp" */;
			compatibilityVersion = "Xcode 14.0";
			developmentRegion = en;
			hasScannedForEncodings = 0;
			knownRegions = (
				en,
				Base,
			);
			mainGroup = 50FE01F329D7D21400FB75A2;
			productRefGroup = 50FE01FD29D7D21400FB75A2 /* Products */;
			projectDirPath = "";
			projectRoot = "";
			targets = (
				50FE01FB29D7D21400FB75A2 /* ExpenseApp */,
			);
		};
/* End PBXProject section */

/* Begin PBXResourcesBuildPhase section */
		50FE01FA29D7D21400FB75A2 /* Resources */ = {
			isa = PBXResourcesBuildPhase;
			buildActionMask = 2147483647;
			files = (
				50FE020729D7D21700FB75A2 /* Preview Assets.xcassets in Resources */,
				50FE020429D7D21700FB75A2 /* Assets.xcassets in Resources */,
			);
			runOnlyForDeploymentPostprocessing = 0;
		};
/* End PBXResourcesBuildPhase section */

/* Begin PBXSourcesBuildPhase section */
		50FE01F829D7D21400FB75A2 /* Sources */ = {
			isa = PBXSourcesBuildPhase;
			buildActionMask = 2147483647;
			files = (
				50FE020229D7D21400FB75A2 /* ContentView.swift in Sources */,
				50FE021E29D8BAFB00FB75A2 /* CardView.swift in Sources */,
				50FE021A29D8916E00FB75A2 /* Singleton.swift in Sources */,
				503699D329D94C4600CCAA2B /* PassView.swift in Sources */,
				50FE021429D7D2AF00FB75A2 /* SavingView.swift in Sources */,
				50FE021C29D89A5C00FB75A2 /* CustomNavigationView.swift in Sources */,
				50FE021829D890B600FB75A2 /* TemplateView.swift in Sources */,
				503699D129D93FC900CCAA2B /* UserDefaultHelper.swift in Sources */,
				50FE021629D7D2BE00FB75A2 /* HistoryView.swift in Sources */,
				50FE020029D7D21400FB75A2 /* ExpenseAppApp.swift in Sources */,
				50FE021029D7D27800FB75A2 /* TransactionView.swift in Sources */,
			);
			runOnlyForDeploymentPostprocessing = 0;
		};
/* End PBXSourcesBuildPhase section */

/* Begin XCBuildConfiguration section */
		50FE020829D7D21700FB75A2 /* Debug */ = {
			isa = XCBuildConfiguration;
			buildSettings = {
				ALWAYS_SEARCH_USER_PATHS = NO;
				CLANG_ANALYZER_NONNULL = YES;
				CLANG_ANALYZER_NUMBER_OBJECT_CONVERSION = YES_AGGRESSIVE;
				CLANG_CXX_LANGUAGE_STANDARD = "gnu++20";
				CLANG_ENABLE_MODULES = YES;
				CLANG_ENABLE_OBJC_ARC = YES;
				CLANG_ENABLE_OBJC_WEAK = YES;
				CLANG_WARN_BLOCK_CAPTURE_AUTORELEASING = YES;
				CLANG_WARN_BOOL_CONVERSION = YES;
				CLANG_WARN_COMMA = YES;
				CLANG_WARN_CONSTANT_CONVERSION = YES;
				CLANG_WARN_DEPRECATED_OBJC_IMPLEMENTATIONS = YES;
				CLANG_WARN_DIRECT_OBJC_ISA_USAGE = YES_ERROR;
				CLANG_WARN_DOCUMENTATION_COMMENTS = YES;
				CLANG_WARN_EMPTY_BODY = YES;
				CLANG_WARN_ENUM_CONVERSION = YES;
				CLANG_WARN_INFINITE_RECURSION = YES;
				CLANG_WARN_INT_CONVERSION = YES;
				CLANG_WARN_NON_LITERAL_NULL_CONVERSION = YES;
				CLANG_WARN_OBJC_IMPLICIT_RETAIN_SELF = YES;
				CLANG_WARN_OBJC_LITERAL_CONVERSION = YES;
				CLANG_WARN_OBJC_ROOT_CLASS = YES_ERROR;
				CLANG_WARN_QUOTED_INCLUDE_IN_FRAMEWORK_HEADER = YES;
				CLANG_WARN_RANGE_LOOP_ANALYSIS = YES;
				CLANG_WARN_STRICT_PROTOTYPES = YES;
				CLANG_WARN_SUSPICIOUS_MOVE = YES;
				CLANG_WARN_UNGUARDED_AVAILABILITY = YES_AGGRESSIVE;
				CLANG_WARN_UNREACHABLE_CODE = YES;
				CLANG_WARN__DUPLICATE_METHOD_MATCH = YES;
				COPY_PHASE_STRIP = NO;
				DEBUG_INFORMATION_FORMAT = dwarf;
				ENABLE_STRICT_OBJC_MSGSEND = YES;
				ENABLE_TESTABILITY = YES;
				GCC_C_LANGUAGE_STANDARD = gnu11;
				GCC_DYNAMIC_NO_PIC = NO;
				GCC_NO_COMMON_BLOCKS = YES;
				GCC_OPTIMIZATION_LEVEL = 0;
				GCC_PREPROCESSOR_DEFINITIONS = (
					"DEBUG=1",
					"$(inherited)",
				);
				GCC_WARN_64_TO_32_BIT_CONVERSION = YES;
				GCC_WARN_ABOUT_RETURN_TYPE = YES_ERROR;
				GCC_WARN_UNDECLARED_SELECTOR = YES;
				GCC_WARN_UNINITIALIZED_AUTOS = YES_AGGRESSIVE;
				GCC_WARN_UNUSED_FUNCTION = YES;
				GCC_WARN_UNUSED_VARIABLE = YES;
				IPHONEOS_DEPLOYMENT_TARGET = 16.0;
				MTL_ENABLE_DEBUG_INFO = INCLUDE_SOURCE;
				MTL_FAST_MATH = YES;
				ONLY_ACTIVE_ARCH = YES;
				SDKROOT = iphoneos;
				SWIFT_ACTIVE_COMPILATION_CONDITIONS = DEBUG;
				SWIFT_OPTIMIZATION_LEVEL = "-Onone";
			};
			name = Debug;
		};
		50FE020929D7D21700FB75A2 /* Release */ = {
			isa = XCBuildConfiguration;
			buildSettings = {
				ALWAYS_SEARCH_USER_PATHS = NO;
				CLANG_ANALYZER_NONNULL = YES;
				CLANG_ANALYZER_NUMBER_OBJECT_CONVERSION = YES_AGGRESSIVE;
				CLANG_CXX_LANGUAGE_STANDARD = "gnu++20";
				CLANG_ENABLE_MODULES = YES;
				CLANG_ENABLE_OBJC_ARC = YES;
				CLANG_ENABLE_OBJC_WEAK = YES;
				CLANG_WARN_BLOCK_CAPTURE_AUTORELEASING = YES;
				CLANG_WARN_BOOL_CONVERSION = YES;
				CLANG_WARN_COMMA = YES;
				CLANG_WARN_CONSTANT_CONVERSION = YES;
				CLANG_WARN_DEPRECATED_OBJC_IMPLEMENTATIONS = YES;
				CLANG_WARN_DIRECT_OBJC_ISA_USAGE = YES_ERROR;
				CLANG_WARN_DOCUMENTATION_COMMENTS = YES;
				CLANG_WARN_EMPTY_BODY = YES;
				CLANG_WARN_ENUM_CONVERSION = YES;
				CLANG_WARN_INFINITE_RECURSION = YES;
				CLANG_WARN_INT_CONVERSION = YES;
				CLANG_WARN_NON_LITERAL_NULL_CONVERSION = YES;
				CLANG_WARN_OBJC_IMPLICIT_RETAIN_SELF = YES;
				CLANG_WARN_OBJC_LITERAL_CONVERSION = YES;
				CLANG_WARN_OBJC_ROOT_CLASS = YES_ERROR;
				CLANG_WARN_QUOTED_INCLUDE_IN_FRAMEWORK_HEADER = YES;
				CLANG_WARN_RANGE_LOOP_ANALYSIS = YES;
				CLANG_WARN_STRICT_PROTOTYPES = YES;
				CLANG_WARN_SUSPICIOUS_MOVE = YES;
				CLANG_WARN_UNGUARDED_AVAILABILITY = YES_AGGRESSIVE;
				CLANG_WARN_UNREACHABLE_CODE = YES;
				CLANG_WARN__DUPLICATE_METHOD_MATCH = YES;
				COPY_PHASE_STRIP = NO;
				DEBUG_INFORMATION_FORMAT = "dwarf-with-dsym";
				ENABLE_NS_ASSERTIONS = NO;
				ENABLE_STRICT_OBJC_MSGSEND = YES;
				GCC_C_LANGUAGE_STANDARD = gnu11;
				GCC_NO_COMMON_BLOCKS = YES;
				GCC_WARN_64_TO_32_BIT_CONVERSION = YES;
				GCC_WARN_ABOUT_RETURN_TYPE = YES_ERROR;
				GCC_WARN_UNDECLARED_SELECTOR = YES;
				GCC_WARN_UNINITIALIZED_AUTOS = YES_AGGRESSIVE;
				GCC_WARN_UNUSED_FUNCTION = YES;
				GCC_WARN_UNUSED_VARIABLE = YES;
				IPHONEOS_DEPLOYMENT_TARGET = 16.0;
				MTL_ENABLE_DEBUG_INFO = NO;
				MTL_FAST_MATH = YES;
				SDKROOT = iphoneos;
				SWIFT_COMPILATION_MODE = wholemodule;
				SWIFT_OPTIMIZATION_LEVEL = "-O";
				VALIDATE_PRODUCT = YES;
			};
			name = Release;
		};
		50FE020B29D7D21700FB75A2 /* Debug */ = {
			isa = XCBuildConfiguration;
			buildSettings = {
				ASSETCATALOG_COMPILER_APPICON_NAME = AppIcon;
				ASSETCATALOG_COMPILER_GLOBAL_ACCENT_COLOR_NAME = AccentColor;
				"CODE_SIGN_IDENTITY[sdk=iphoneos*]" = "iPhone Developer";
				CODE_SIGN_STYLE = Manual;
				CURRENT_PROJECT_VERSION = 1;
				DEVELOPMENT_ASSET_PATHS = "\"ExpenseApp/Preview Content\"";
				DEVELOPMENT_TEAM = "";
				"DEVELOPMENT_TEAM[sdk=iphoneos*]" = W999L7375J;
				ENABLE_PREVIEWS = YES;
				GENERATE_INFOPLIST_FILE = YES;
				INFOPLIST_KEY_UIApplicationSceneManifest_Generation = YES;
				INFOPLIST_KEY_UIApplicationSupportsIndirectInputEvents = YES;
				INFOPLIST_KEY_UILaunchScreen_Generation = YES;
				INFOPLIST_KEY_UISupportedInterfaceOrientations_iPad = "UIInterfaceOrientationPortrait UIInterfaceOrientationPortraitUpsideDown UIInterfaceOrientationLandscapeLeft UIInterfaceOrientationLandscapeRight";
				INFOPLIST_KEY_UISupportedInterfaceOrientations_iPhone = "UIInterfaceOrientationPortrait UIInterfaceOrientationLandscapeLeft UIInterfaceOrientationLandscapeRight";
				LD_RUNPATH_SEARCH_PATHS = (
					"$(inherited)",
					"@executable_path/Frameworks",
				);
				MARKETING_VERSION = 1.0;
				PRODUCT_BUNDLE_IDENTIFIER = my.hongleongconnect.athena;
				PRODUCT_NAME = "$(TARGET_NAME)";
				PROVISIONING_PROFILE_SPECIFIER = "";
				"PROVISIONING_PROFILE_SPECIFIER[sdk=iphoneos*]" = "Athena Dev SIT";
				SWIFT_EMIT_LOC_STRINGS = YES;
				SWIFT_VERSION = 5.0;
				TARGETED_DEVICE_FAMILY = "1,2";
			};
			name = Debug;
		};
		50FE020C29D7D21700FB75A2 /* Release */ = {
			isa = XCBuildConfiguration;
			buildSettings = {
				ASSETCATALOG_COMPILER_APPICON_NAME = AppIcon;
				ASSETCATALOG_COMPILER_GLOBAL_ACCENT_COLOR_NAME = AccentColor;
				"CODE_SIGN_IDENTITY[sdk=iphoneos*]" = "iPhone Developer";
				CODE_SIGN_STYLE = Manual;
				CURRENT_PROJECT_VERSION = 1;
				DEVELOPMENT_ASSET_PATHS = "\"ExpenseApp/Preview Content\"";
				DEVELOPMENT_TEAM = "";
				"DEVELOPMENT_TEAM[sdk=iphoneos*]" = W999L7375J;
				ENABLE_PREVIEWS = YES;
				GENERATE_INFOPLIST_FILE = YES;
				INFOPLIST_KEY_UIApplicationSceneManifest_Generation = YES;
				INFOPLIST_KEY_UIApplicationSupportsIndirectInputEvents = YES;
				INFOPLIST_KEY_UILaunchScreen_Generation = YES;
				INFOPLIST_KEY_UISupportedInterfaceOrientations_iPad = "UIInterfaceOrientationPortrait UIInterfaceOrientationPortraitUpsideDown UIInterfaceOrientationLandscapeLeft UIInterfaceOrientationLandscapeRight";
				INFOPLIST_KEY_UISupportedInterfaceOrientations_iPhone = "UIInterfaceOrientationPortrait UIInterfaceOrientationLandscapeLeft UIInterfaceOrientationLandscapeRight";
				LD_RUNPATH_SEARCH_PATHS = (
					"$(inherited)",
					"@executable_path/Frameworks",
				);
				MARKETING_VERSION = 1.0;
				PRODUCT_BUNDLE_IDENTIFIER = my.hongleongconnect.athena;
				PRODUCT_NAME = "$(TARGET_NAME)";
				PROVISIONING_PROFILE_SPECIFIER = "";
				"PROVISIONING_PROFILE_SPECIFIER[sdk=iphoneos*]" = "Athena Dev SIT";
				SWIFT_EMIT_LOC_STRINGS = YES;
				SWIFT_VERSION = 5.0;
				TARGETED_DEVICE_FAMILY = "1,2";
			};
			name = Release;
		};
/* End XCBuildConfiguration section */

/* Begin XCConfigurationList section */
		50FE01F729D7D21400FB75A2 /* Build configuration list for PBXProject "ExpenseApp" */ = {
			isa = XCConfigurationList;
			buildConfigurations = (
				50FE020829D7D21700FB75A2 /* Debug */,
				50FE020929D7D21700FB75A2 /* Release */,
			);
			defaultConfigurationIsVisible = 0;
			defaultConfigurationName = Release;
		};
		50FE020A29D7D21700FB75A2 /* Build configuration list for PBXNativeTarget "ExpenseApp" */ = {
			isa = XCConfigurationList;
			buildConfigurations = (
				50FE020B29D7D21700FB75A2 /* Debug */,
				50FE020C29D7D21700FB75A2 /* Release */,
			);
			defaultConfigurationIsVisible = 0;
			defaultConfigurationName = Release;
		};
/* End XCConfigurationList section */
	};
	rootObject = 50FE01F429D7D21400FB75A2 /* Project object */;
}
